# This file was autogenerated by Stack.
# You should not edit this file by hand.
# For more information, please see the documentation at:
#   https://docs.haskellstack.org/en/stable/lock_files

packages:
- completed:
    hackage: string-random-0.1.0.0@sha256:421a99e3330a23ae664a706be4712c5ca0ff188bbd5d95e8a4a1fbf143365b98,2238
    pantry-tree:
      sha256: 4092aa6c08612cf9c07a1f1eea0ae3e42b28bac9e621bf491c781859a70bffcd
      size: 434
  original:
    hackage: string-random-0.1.0.0
- completed:
    hackage: hedis-0.15.2@sha256:3dbb69fb5b5934adf3e5c4259d80d378bfe46b0d8b4b483036eb7033bf1990ce,6312
    pantry-tree:
      sha256: 5411e1a05b7576461adea21b3272f243b1ba5cd34963df2bf59fbdf1f3670aa8
      size: 1776
  original:
    hackage: hedis-0.15.2
- completed:
    hackage: digestive-functors-0.8.3.0@sha256:090895c10f8a20ed834b89bb8ac6aa9512367b614a06316bf6dcd2f0ab6c165a,3041
    pantry-tree:
      sha256: 2f1a567ce6b73f0c8b31f4ea297f2b102107c96e8167a6ed68e0702d1c469b4e
      size: 1682
  original:
    hackage: digestive-functors-0.8.3.0
- completed:
    hackage: digestive-functors-aeson-1.1.22@sha256:81984a1917b3da11a39fae39241b867b4ca2b32b581585dec2d1d0de27ca7169,1584
    pantry-tree:
      sha256: 1ac61ae71cd9a2cef542e94a9122b37efbcf95b639c0b1da74b5d911e685bbac
      size: 345
  original:
    hackage: digestive-functors-aeson-1.1.22
- completed:
    hackage: digestive-functors-blaze-0.6.2.0@sha256:3aae259265b8517fb7efe2a7681d846e01f52c22f49f193aff550a1630f182d0,841
    pantry-tree:
      sha256: 2584d35cf054e3daa2f961d7b68e1c0bafd68f99284c4e76509fc455a0380315
      size: 289
  original:
    hackage: digestive-functors-blaze-0.6.2.0
- completed:
    hackage: digestive-functors-scotty-0.2.0.2@sha256:5d7d94c850207910683a4ac60426bf3fb0d62ba2d15cd0bfb758cbee51417580,1171
    pantry-tree:
      sha256: 4a7fd3fe2c0e4a328d2d74508fff31cf8aa3243cdbf08731d6d7475014dc60ef
      size: 238
  original:
    hackage: digestive-functors-scotty-0.2.0.2
- completed:
    hackage: hpc-threshold-0.1.0.0@sha256:e6b933a94fe5a3ac2163acb141038091b366ba704c5539aadf5ac05eebdc0d8f,1886
    pantry-tree:
      sha256: ccaaa432abef53d6b756636faeae5e866e21ab3b6ce7fb7f46b7e867f9e71cb4
      size: 409
  original:
    hackage: hpc-threshold-0.1.0.0
snapshots:
- completed:
    sha256: b3d22b89ec630597ad007088e98aa1c8d04844b6c0f23970b513a2862e0b8f0a
    size: 567342
    url: https://mirrors.tuna.tsinghua.edu.cn/stackage/stackage-snapshots/lts/10/3.yaml
  original: lts-10.3
